{
  "version": 4,
  "terraform_version": "1.14.6",
  "serial": 52,
  "lineage": "523f6fe7-c744-99ef-2ddd-edf10415d06e",
  "outputs": {},
  "resources": [
    {
      "mode": "managed",
      "type": "newrelic_data_partition_rule",
      "name": "ci",
      "provider": "provider[\"registry.terraform.io/newrelic/newrelic\"]",
      "instances": [
        {
          "index_key": "Log_ci",
          "schema_version": 0,
          "attributes": {
            "account_id": 7792329,
            "deleted": false,
            "description": "Data partition for ci namespace",
            "enabled": true,
            "id": "3720",
            "nrql": "namespace_name='ci'",
            "retention_policy": "STANDARD",
            "target_data_partition": "Log_ci",
            "timeouts": null
          },
          "sensitive_attributes": [],
          "identity_schema_version": 0,
          "private": "eyJlMmJmYjczMC1lY2FhLTExZTYtOGY4OC0zNDM2M2JjN2M0YzAiOnsiY3JlYXRlIjozMDAwMDAwMDAwMH19"
        },
        {
          "index_key": "Log_gha",
          "schema_version": 0,
          "attributes": {
            "account_id": 7792329,
            "deleted": false,
            "description": "Data partition for gha-runners namespace",
            "enabled": true,
            "id": "3721",
            "nrql": "namespace_name='gha_runner'",
            "retention_policy": "STANDARD",
            "target_data_partition": "Log_gha",
            "timeouts": null
          },
          "sensitive_attributes": [],
          "identity_schema_version": 0,
          "private": "eyJlMmJmYjczMC1lY2FhLTExZTYtOGY4OC0zNDM2M2JjN2M0YzAiOnsiY3JlYXRlIjozMDAwMDAwMDAwMH19"
        },
        {
          "index_key": "Log_ngrok",
          "schema_version": 0,
          "attributes": {
            "account_id": 7792329,
            "deleted": false,
            "description": "Data partition for ngrok namespace",
            "enabled": true,
            "id": "3726",
            "nrql": "namespace_name='ngrok'",
            "retention_policy": "STANDARD",
            "target_data_partition": "Log_ngrok",
            "timeouts": null
          },
          "sensitive_attributes": [],
          "identity_schema_version": 0,
          "private": "eyJlMmJmYjczMC1lY2FhLTExZTYtOGY4OC0zNDM2M2JjN2M0YzAiOnsiY3JlYXRlIjozMDAwMDAwMDAwMH19"
        }
      ]
    }
  ],
  "check_results": null
}
