{
  "version": 4,
  "terraform_version": "1.14.6",
  "serial": 67,
  "lineage": "523f6fe7-c744-99ef-2ddd-edf10415d06e",
  "outputs": {},
  "resources": [
    {
      "mode": "data",
      "type": "newrelic_alert_policy",
      "name": "initial",
      "provider": "provider[\"registry.terraform.io/newrelic/newrelic\"]",
      "instances": [
        {
          "schema_version": 0,
          "attributes": {
            "account_id": 7792329,
            "created_at": null,
            "id": "1675334",
            "incident_preference": "PER_POLICY",
            "name": "Initial policy",
            "updated_at": null
          },
          "sensitive_attributes": [],
          "identity_schema_version": 0
        }
      ]
    },
    {
      "mode": "managed",
      "type": "newrelic_data_partition_rule",
      "name": "ci",
      "provider": "provider[\"registry.terraform.io/newrelic/newrelic\"]",
      "instances": [
        {
          "index_key": "Log_ci",
          "schema_version": 0,
          "attributes": {
            "account_id": 7792329,
            "deleted": false,
            "description": "Data partition for ci namespace",
            "enabled": true,
            "id": "3720",
            "nrql": "namespace_name='ci'",
            "retention_policy": "STANDARD",
            "target_data_partition": "Log_ci",
            "timeouts": null
          },
          "sensitive_attributes": [],
          "identity_schema_version": 0,
          "private": "eyJlMmJmYjczMC1lY2FhLTExZTYtOGY4OC0zNDM2M2JjN2M0YzAiOnsiY3JlYXRlIjozMDAwMDAwMDAwMH19"
        },
        {
          "index_key": "Log_gha",
          "schema_version": 0,
          "attributes": {
            "account_id": 7792329,
            "deleted": false,
            "description": "Data partition for gha-runners namespace",
            "enabled": true,
            "id": "3721",
            "nrql": "namespace_name='gha_runner'",
            "retention_policy": "STANDARD",
            "target_data_partition": "Log_gha",
            "timeouts": null
          },
          "sensitive_attributes": [],
          "identity_schema_version": 0,
          "private": "eyJlMmJmYjczMC1lY2FhLTExZTYtOGY4OC0zNDM2M2JjN2M0YzAiOnsiY3JlYXRlIjozMDAwMDAwMDAwMH19"
        },
        {
          "index_key": "Log_ngrok",
          "schema_version": 0,
          "attributes": {
            "account_id": 7792329,
            "deleted": false,
            "description": "Data partition for ngrok namespace",
            "enabled": true,
            "id": "3726",
            "nrql": "namespace_name='ngrok'",
            "retention_policy": "STANDARD",
            "target_data_partition": "Log_ngrok",
            "timeouts": null
          },
          "sensitive_attributes": [],
          "identity_schema_version": 0,
          "private": "eyJlMmJmYjczMC1lY2FhLTExZTYtOGY4OC0zNDM2M2JjN2M0YzAiOnsiY3JlYXRlIjozMDAwMDAwMDAwMH19"
        }
      ]
    },
    {
      "mode": "managed",
      "type": "newrelic_synthetics_alert_condition",
      "name": "jenkins_health_check",
      "provider": "provider[\"registry.terraform.io/newrelic/newrelic\"]",
      "instances": [
        {
          "schema_version": 0,
          "attributes": {
            "enabled": true,
            "entity_guid": "Nzc5MjMyOXxBSU9QU3xDT05ESVRJT058MTM1OTc3MDc",
            "id": "1675334:13597707",
            "monitor_id": "Nzc5MjMyOXxTWU5USHxNT05JVE9SfDRhMzQ2ODFhLTYyNTUtNDBkMC1iMTdlLWU0MTBjZTM1ZWRiMw",
            "name": "jenkins health check",
            "policy_id": 1675334,
            "runbook_url": "https://www.example.com"
          },
          "sensitive_attributes": [],
          "identity_schema_version": 0,
          "private": "bnVsbA==",
          "dependencies": [
            "data.newrelic_alert_policy.initial",
            "newrelic_synthetics_monitor.health_check"
          ]
        }
      ]
    },
    {
      "mode": "managed",
      "type": "newrelic_synthetics_monitor",
      "name": "health_check",
      "provider": "provider[\"registry.terraform.io/newrelic/newrelic\"]",
      "instances": [
        {
          "schema_version": 0,
          "attributes": {
            "account_id": 7792329,
            "browsers": null,
            "bypass_head_request": null,
            "custom_header": [],
            "device_orientation": "",
            "device_type": "",
            "devices": null,
            "enable_screenshot_on_failure_and_script": null,
            "id": "Nzc5MjMyOXxTWU5USHxNT05JVE9SfDRhMzQ2ODFhLTYyNTUtNDBkMC1iMTdlLWU0MTBjZTM1ZWRiMw",
            "locations_private": null,
            "locations_public": [
              "AP_SOUTH_1"
            ],
            "monitor_id": "4a34681a-6255-40d0-b17e-e410ce35edb3",
            "name": "jenkins health check",
            "period": "EVERY_5_MINUTES",
            "period_in_minutes": 5,
            "runtime_type": null,
            "runtime_type_version": null,
            "script_language": null,
            "status": "ENABLED",
            "tag": [],
            "treat_redirect_as_failure": null,
            "type": "SIMPLE",
            "uri": "https://subinvolute-dannette-unreceptively.ngrok-free.dev/jenkins",
            "use_unsupported_legacy_runtime": null,
            "validation_string": "",
            "verify_ssl": false
          },
          "sensitive_attributes": [],
          "identity_schema_version": 0,
          "private": "bnVsbA=="
        }
      ]
    },
    {
      "module": "module.notification",
      "mode": "managed",
      "type": "newrelic_notification_channel",
      "name": "sample_notification_channel",
      "provider": "provider[\"registry.terraform.io/newrelic/newrelic\"]",
      "instances": [
        {
          "schema_version": 0,
          "attributes": {
            "account_id": 7792329,
            "active": true,
            "destination_id": "b1d795c6-630e-4788-8c4a-851490027035",
            "id": "36c7a7db-1717-43b6-8826-78087e301278",
            "name": "Sample Notification Channel",
            "product": "IINT",
            "property": [
              {
                "display_value": "",
                "key": "source",
                "label": "terraform-source-internal",
                "value": "terraform"
              },
              {
                "display_value": "",
                "key": "subject",
                "label": "",
                "value": "Jenkins health check alert"
              }
            ],
            "status": "DEFAULT",
            "timeouts": null,
            "type": "EMAIL"
          },
          "sensitive_attributes": [],
          "identity_schema_version": 0,
          "private": "eyJlMmJmYjczMC1lY2FhLTExZTYtOGY4OC0zNDM2M2JjN2M0YzAiOnsiY3JlYXRlIjoxNjAwMDAwMDAwMCwidXBkYXRlIjoxNjAwMDAwMDAwMH19",
          "dependencies": [
            "module.notification.newrelic_notification_destination.sample_notification_destination"
          ]
        }
      ]
    },
    {
      "module": "module.notification",
      "mode": "managed",
      "type": "newrelic_notification_destination",
      "name": "sample_notification_destination",
      "provider": "provider[\"registry.terraform.io/newrelic/newrelic\"]",
      "instances": [
        {
          "schema_version": 1,
          "attributes": {
            "account_id": 7792329,
            "active": true,
            "auth_basic": [],
            "auth_custom_header": [],
            "auth_token": [],
            "guid": "Nzc5MjMyOXxBSU9QU3xERVNUSU5BVElPTnxiMWQ3OTVjNi02MzBlLTQ3ODgtOGM0YS04NTE0OTAwMjcwMzU",
            "id": "b1d795c6-630e-4788-8c4a-851490027035",
            "last_sent": "",
            "name": "Sample Notification Destination",
            "property": [
              {
                "display_value": null,
                "key": "email",
                "label": null,
                "value": "yogeshwaranpsp@gmail.com"
              },
              {
                "display_value": null,
                "key": "source",
                "label": "terraform-source-internal",
                "value": "terraform"
              }
            ],
            "secure_url": [],
            "status": "DEFAULT",
            "timeouts": null,
            "type": "EMAIL"
          },
          "sensitive_attributes": [],
          "identity_schema_version": 0,
          "private": "eyJlMmJmYjczMC1lY2FhLTExZTYtOGY4OC0zNDM2M2JjN2M0YzAiOnsiY3JlYXRlIjoxNjAwMDAwMDAwMCwidXBkYXRlIjoxNjAwMDAwMDAwMH0sInNjaGVtYV92ZXJzaW9uIjoiMSJ9"
        }
      ]
    },
    {
      "module": "module.notification",
      "mode": "managed",
      "type": "newrelic_workflow",
      "name": "sample_workflow",
      "provider": "provider[\"registry.terraform.io/newrelic/newrelic\"]",
      "instances": [
        {
          "schema_version": 1,
          "attributes": {
            "account_id": 7792329,
            "destination": [
              {
                "channel_id": "36c7a7db-1717-43b6-8826-78087e301278",
                "name": "Sample Notification Channel",
                "notification_triggers": [
                  "ACKNOWLEDGED",
                  "ACTIVATED",
                  "CLOSED"
                ],
                "type": "EMAIL",
                "update_original_message": true
              }
            ],
            "destinations_enabled": true,
            "enabled": true,
            "enrichments": [],
            "enrichments_enabled": true,
            "guid": "Nzc5MjMyOXxBSU9QU3xXT1JLRkxPV3xmZTRmNmRjZC1jMzM4LTRlNDEtYjUzNy02MjM0MzMyODQ0ZTA",
            "id": "fe4f6dcd-c338-4e41-b537-6234332844e0",
            "issues_filter": [
              {
                "filter_id": "254be7e9-203d-42b9-97e1-09783f6b930d",
                "name": "Issue Filter",
                "predicate": [
                  {
                    "attribute": "labels.policyIds",
                    "operator": "EXACTLY_MATCHES",
                    "values": [
                      "1675334"
                    ]
                  }
                ],
                "type": "FILTER"
              }
            ],
            "last_run": "",
            "muting_rules_handling": "NOTIFY_ALL_ISSUES",
            "name": "Sample Workflow",
            "workflow_id": "fe4f6dcd-c338-4e41-b537-6234332844e0"
          },
          "sensitive_attributes": [],
          "identity_schema_version": 0,
          "private": "eyJzY2hlbWFfdmVyc2lvbiI6IjEifQ==",
          "dependencies": [
            "data.newrelic_alert_policy.initial",
            "module.notification.newrelic_notification_channel.sample_notification_channel",
            "module.notification.newrelic_notification_destination.sample_notification_destination"
          ]
        }
      ]
    }
  ],
  "check_results": null
}
